// !$*UTF8*$!
{
	archiveVersion = 1;
	classes = {
	};
	objectVersion = 56;
	objects = {

/* Begin PBXBuildFile section */
		1DEC3BCA2B33662800C6AC95 /* AppDelegate.swift in Sources */ = {isa = PBXBuildFile; fileRef = 1DEC3BC92B33662800C6AC95 /* AppDelegate.swift */; };
		1DEC3BCC2B33662800C6AC95 /* SceneDelegate.swift in Sources */ = {isa = PBXBuildFile; fileRef = 1DEC3BCB2B33662800C6AC95 /* SceneDelegate.swift */; };
		1DEC3BCE2B33662900C6AC95 /* ViewController.swift in Sources */ = {isa = PBXBuildFile; fileRef = 1DEC3BCD2B33662900C6AC95 /* ViewController.swift */; };
		1DEC3BD12B33662900C6AC95 /* Main.storyboard in Resources */ = {isa = PBXBuildFile; fileRef = 1DEC3BCF2B33662900C6AC95 /* Main.storyboard */; };
		1DEC3BD32B33662A00C6AC95 /* Assets.xcassets in Resources */ = {isa = PBXBuildFile; fileRef = 1DEC3BD22B33662A00C6AC95 /* Assets.xcassets */; };
		1DEC3BD62B33662A00C6AC95 /* LaunchScreen.storyboard in Resources */ = {isa = PBXBuildFile; fileRef = 1DEC3BD42B33662A00C6AC95 /* LaunchScreen.storyboard */; };
		1DEC3C192B33687900C6AC95 /* Constants.swift in Sources */ = {isa = PBXBuildFile; fileRef = 1DEC3BDF2B33687900C6AC95 /* Constants.swift */; };
		1DEC3C1A2B33687900C6AC95 /* AppConfigurations.swift in Sources */ = {isa = PBXBuildFile; fileRef = 1DEC3BE02B33687900C6AC95 /* AppConfigurations.swift */; };
		1DEC3C1D2B33687900C6AC95 /* BaseViewController.swift in Sources */ = {isa = PBXBuildFile; fileRef = 1DEC3BE72B33687900C6AC95 /* BaseViewController.swift */; };
		1DEC3C1E2B33687900C6AC95 /* Controllers.swift in Sources */ = {isa = PBXBuildFile; fileRef = 1DEC3BE82B33687900C6AC95 /* Controllers.swift */; };
		1DEC3C1F2B33687900C6AC95 /* BaseNavigationController.swift in Sources */ = {isa = PBXBuildFile; fileRef = 1DEC3BE92B33687900C6AC95 /* BaseNavigationController.swift */; };
		1DEC3C202B33687900C6AC95 /* NSString.swift in Sources */ = {isa = PBXBuildFile; fileRef = 1DEC3BEC2B33687900C6AC95 /* NSString.swift */; };
		1DEC3C212B33687900C6AC95 /* UIApplication+Extension.swift in Sources */ = {isa = PBXBuildFile; fileRef = 1DEC3BED2B33687900C6AC95 /* UIApplication+Extension.swift */; };
		1DEC3C222B33687900C6AC95 /* NSURL.swift in Sources */ = {isa = PBXBuildFile; fileRef = 1DEC3BEE2B33687900C6AC95 /* NSURL.swift */; };
		1DEC3C232B33687900C6AC95 /* UserDefault+Extension.swift in Sources */ = {isa = PBXBuildFile; fileRef = 1DEC3BEF2B33687900C6AC95 /* UserDefault+Extension.swift */; };
		1DEC3C242B33687900C6AC95 /* Validate.swift in Sources */ = {isa = PBXBuildFile; fileRef = 1DEC3BF02B33687900C6AC95 /* Validate.swift */; };
		1DEC3C252B33687900C6AC95 /* ENTALDUIFont+Extension.swift in Sources */ = {isa = PBXBuildFile; fileRef = 1DEC3BF12B33687900C6AC95 /* ENTALDUIFont+Extension.swift */; };
		1DEC3C262B33687900C6AC95 /* ACFloatingTextfield.swift in Sources */ = {isa = PBXBuildFile; fileRef = 1DEC3BF22B33687900C6AC95 /* ACFloatingTextfield.swift */; };
		1DEC3C272B33687900C6AC95 /* ENNTALDUIView+Extension.swift in Sources */ = {isa = PBXBuildFile; fileRef = 1DEC3BF32B33687900C6AC95 /* ENNTALDUIView+Extension.swift */; };
		1DEC3C282B33687900C6AC95 /* NSBundle+Extension.swift in Sources */ = {isa = PBXBuildFile; fileRef = 1DEC3BF42B33687900C6AC95 /* NSBundle+Extension.swift */; };
		1DEC3C292B33687900C6AC95 /* ENTALDUIImageView+Extension.swift in Sources */ = {isa = PBXBuildFile; fileRef = 1DEC3BF52B33687900C6AC95 /* ENTALDUIImageView+Extension.swift */; };
		1DEC3C2A2B33687900C6AC95 /* UIButton.swift in Sources */ = {isa = PBXBuildFile; fileRef = 1DEC3BF62B33687900C6AC95 /* UIButton.swift */; };
		1DEC3C2B2B33687900C6AC95 /* DateFormatter.swift in Sources */ = {isa = PBXBuildFile; fileRef = 1DEC3BF72B33687900C6AC95 /* DateFormatter.swift */; };
		1DEC3C2C2B33687900C6AC95 /* ENTALDString+Extension.swift in Sources */ = {isa = PBXBuildFile; fileRef = 1DEC3BF82B33687900C6AC95 /* ENTALDString+Extension.swift */; };
		1DEC3C2D2B33687A00C6AC95 /* ENTALDDictionary+Extension.swift in Sources */ = {isa = PBXBuildFile; fileRef = 1DEC3BF92B33687900C6AC95 /* ENTALDDictionary+Extension.swift */; };
		1DEC3C2E2B33687A00C6AC95 /* ENTALDUIColor+Extension.swift in Sources */ = {isa = PBXBuildFile; fileRef = 1DEC3BFA2B33687900C6AC95 /* ENTALDUIColor+Extension.swift */; };
		1DEC3C2F2B33687A00C6AC95 /* LoadingView.swift in Sources */ = {isa = PBXBuildFile; fileRef = 1DEC3BFD2B33687900C6AC95 /* LoadingView.swift */; };
		1DEC3C302B33687A00C6AC95 /* ENTALDAlertView.xib in Resources */ = {isa = PBXBuildFile; fileRef = 1DEC3BFF2B33687900C6AC95 /* ENTALDAlertView.xib */; };
		1DEC3C312B33687A00C6AC95 /* ENTALDAlertView.swift in Sources */ = {isa = PBXBuildFile; fileRef = 1DEC3C002B33687900C6AC95 /* ENTALDAlertView.swift */; };
		1DEC3C322B33687A00C6AC95 /* EmptyView.xib in Resources */ = {isa = PBXBuildFile; fileRef = 1DEC3C022B33687900C6AC95 /* EmptyView.xib */; };
		1DEC3C332B33687A00C6AC95 /* EmptyView.swift in Sources */ = {isa = PBXBuildFile; fileRef = 1DEC3C032B33687900C6AC95 /* EmptyView.swift */; };
		1DEC3C342B33687A00C6AC95 /* ProccessUtils.swift in Sources */ = {isa = PBXBuildFile; fileRef = 1DEC3C052B33687900C6AC95 /* ProccessUtils.swift */; };
		1DEC3C352B33687A00C6AC95 /* HelperUtils.swift in Sources */ = {isa = PBXBuildFile; fileRef = 1DEC3C062B33687900C6AC95 /* HelperUtils.swift */; };
		1DEC3C382B33687A00C6AC95 /* Avenir-Black.ttf in Resources */ = {isa = PBXBuildFile; fileRef = 1DEC3C0C2B33687900C6AC95 /* Avenir-Black.ttf */; };
		1DEC3C392B33687A00C6AC95 /* Avenir-Book.ttf in Resources */ = {isa = PBXBuildFile; fileRef = 1DEC3C0D2B33687900C6AC95 /* Avenir-Book.ttf */; };
		1DEC3C3A2B33687A00C6AC95 /* Avenir-Heavy.ttf in Resources */ = {isa = PBXBuildFile; fileRef = 1DEC3C0E2B33687900C6AC95 /* Avenir-Heavy.ttf */; };
		1DEC3C3B2B33687A00C6AC95 /* Avenir-Regular.ttf in Resources */ = {isa = PBXBuildFile; fileRef = 1DEC3C0F2B33687900C6AC95 /* Avenir-Regular.ttf */; };
		1DEC3C3C2B33687A00C6AC95 /* Avenir-Medium.ttf in Resources */ = {isa = PBXBuildFile; fileRef = 1DEC3C102B33687900C6AC95 /* Avenir-Medium.ttf */; };
		1DEC3C3D2B33687A00C6AC95 /* Avenir-Light.ttf in Resources */ = {isa = PBXBuildFile; fileRef = 1DEC3C112B33687900C6AC95 /* Avenir-Light.ttf */; };
		1DEC3C3E2B33687A00C6AC95 /* HomeVC.xib in Resources */ = {isa = PBXBuildFile; fileRef = 1DEC3C142B33687900C6AC95 /* HomeVC.xib */; };
		1DEC3C3F2B33687A00C6AC95 /* HomeVC.swift in Sources */ = {isa = PBXBuildFile; fileRef = 1DEC3C152B33687900C6AC95 /* HomeVC.swift */; };
		1DEC3C402B33687A00C6AC95 /* TabbarController.swift in Sources */ = {isa = PBXBuildFile; fileRef = 1DEC3C172B33687900C6AC95 /* TabbarController.swift */; };
		93C9FEFAAD281FCFFE59C82B /* libPods-ChiChaChenSan.a in Frameworks */ = {isa = PBXBuildFile; fileRef = 1E32D38E66052367B242CE11 /* libPods-ChiChaChenSan.a */; };
/* End PBXBuildFile section */

/* Begin PBXFileReference section */
		1DEC3BC62B33662800C6AC95 /* ChiChaChenSan.app */ = {isa = PBXFileReference; explicitFileType = wrapper.application; includeInIndex = 0; path = ChiChaChenSan.app; sourceTree = BUILT_PRODUCTS_DIR; };
		1DEC3BC92B33662800C6AC95 /* AppDelegate.swift */ = {isa = PBXFileReference; lastKnownFileType = sourcecode.swift; path = AppDelegate.swift; sourceTree = "<group>"; };
		1DEC3BCB2B33662800C6AC95 /* SceneDelegate.swift */ = {isa = PBXFileReference; lastKnownFileType = sourcecode.swift; path = SceneDelegate.swift; sourceTree = "<group>"; };
		1DEC3BCD2B33662900C6AC95 /* ViewController.swift */ = {isa = PBXFileReference; lastKnownFileType = sourcecode.swift; path = ViewController.swift; sourceTree = "<group>"; };
		1DEC3BD02B33662900C6AC95 /* Base */ = {isa = PBXFileReference; lastKnownFileType = file.storyboard; name = Base; path = Base.lproj/Main.storyboard; sourceTree = "<group>"; };
		1DEC3BD22B33662A00C6AC95 /* Assets.xcassets */ = {isa = PBXFileReference; lastKnownFileType = folder.assetcatalog; path = Assets.xcassets; sourceTree = "<group>"; };
		1DEC3BD52B33662A00C6AC95 /* Base */ = {isa = PBXFileReference; lastKnownFileType = file.storyboard; name = Base; path = Base.lproj/LaunchScreen.storyboard; sourceTree = "<group>"; };
		1DEC3BD72B33662A00C6AC95 /* Info.plist */ = {isa = PBXFileReference; lastKnownFileType = text.plist.xml; path = Info.plist; sourceTree = "<group>"; };
		1DEC3BDF2B33687900C6AC95 /* Constants.swift */ = {isa = PBXFileReference; fileEncoding = 4; lastKnownFileType = sourcecode.swift; path = Constants.swift; sourceTree = "<group>"; };
		1DEC3BE02B33687900C6AC95 /* AppConfigurations.swift */ = {isa = PBXFileReference; fileEncoding = 4; lastKnownFileType = sourcecode.swift; path = AppConfigurations.swift; sourceTree = "<group>"; };
		1DEC3BE72B33687900C6AC95 /* BaseViewController.swift */ = {isa = PBXFileReference; fileEncoding = 4; lastKnownFileType = sourcecode.swift; path = BaseViewController.swift; sourceTree = "<group>"; };
		1DEC3BE82B33687900C6AC95 /* Controllers.swift */ = {isa = PBXFileReference; fileEncoding = 4; lastKnownFileType = sourcecode.swift; path = Controllers.swift; sourceTree = "<group>"; };
		1DEC3BE92B33687900C6AC95 /* BaseNavigationController.swift */ = {isa = PBXFileReference; fileEncoding = 4; lastKnownFileType = sourcecode.swift; path = BaseNavigationController.swift; sourceTree = "<group>"; };
		1DEC3BEC2B33687900C6AC95 /* NSString.swift */ = {isa = PBXFileReference; fileEncoding = 4; lastKnownFileType = sourcecode.swift; path = NSString.swift; sourceTree = "<group>"; };
		1DEC3BED2B33687900C6AC95 /* UIApplication+Extension.swift */ = {isa = PBXFileReference; fileEncoding = 4; lastKnownFileType = sourcecode.swift; path = "UIApplication+Extension.swift"; sourceTree = "<group>"; };
		1DEC3BEE2B33687900C6AC95 /* NSURL.swift */ = {isa = PBXFileReference; fileEncoding = 4; lastKnownFileType = sourcecode.swift; path = NSURL.swift; sourceTree = "<group>"; };
		1DEC3BEF2B33687900C6AC95 /* UserDefault+Extension.swift */ = {isa = PBXFileReference; fileEncoding = 4; lastKnownFileType = sourcecode.swift; path = "UserDefault+Extension.swift"; sourceTree = "<group>"; };
		1DEC3BF02B33687900C6AC95 /* Validate.swift */ = {isa = PBXFileReference; fileEncoding = 4; lastKnownFileType = sourcecode.swift; path = Validate.swift; sourceTree = "<group>"; };
		1DEC3BF12B33687900C6AC95 /* ENTALDUIFont+Extension.swift */ = {isa = PBXFileReference; fileEncoding = 4; lastKnownFileType = sourcecode.swift; path = "ENTALDUIFont+Extension.swift"; sourceTree = "<group>"; };
		1DEC3BF22B33687900C6AC95 /* ACFloatingTextfield.swift */ = {isa = PBXFileReference; fileEncoding = 4; lastKnownFileType = sourcecode.swift; path = ACFloatingTextfield.swift; sourceTree = "<group>"; };
		1DEC3BF32B33687900C6AC95 /* ENNTALDUIView+Extension.swift */ = {isa = PBXFileReference; fileEncoding = 4; lastKnownFileType = sourcecode.swift; path = "ENNTALDUIView+Extension.swift"; sourceTree = "<group>"; };
		1DEC3BF42B33687900C6AC95 /* NSBundle+Extension.swift */ = {isa = PBXFileReference; fileEncoding = 4; lastKnownFileType = sourcecode.swift; path = "NSBundle+Extension.swift"; sourceTree = "<group>"; };
		1DEC3BF52B33687900C6AC95 /* ENTALDUIImageView+Extension.swift */ = {isa = PBXFileReference; fileEncoding = 4; lastKnownFileType = sourcecode.swift; path = "ENTALDUIImageView+Extension.swift"; sourceTree = "<group>"; };
		1DEC3BF62B33687900C6AC95 /* UIButton.swift */ = {isa = PBXFileReference; fileEncoding = 4; lastKnownFileType = sourcecode.swift; path = UIButton.swift; sourceTree = "<group>"; };
		1DEC3BF72B33687900C6AC95 /* DateFormatter.swift */ = {isa = PBXFileReference; fileEncoding = 4; lastKnownFileType = sourcecode.swift; path = DateFormatter.swift; sourceTree = "<group>"; };
		1DEC3BF82B33687900C6AC95 /* ENTALDString+Extension.swift */ = {isa = PBXFileReference; fileEncoding = 4; lastKnownFileType = sourcecode.swift; path = "ENTALDString+Extension.swift"; sourceTree = "<group>"; };
		1DEC3BF92B33687900C6AC95 /* ENTALDDictionary+Extension.swift */ = {isa = PBXFileReference; fileEncoding = 4; lastKnownFileType = sourcecode.swift; path = "ENTALDDictionary+Extension.swift"; sourceTree = "<group>"; };
		1DEC3BFA2B33687900C6AC95 /* ENTALDUIColor+Extension.swift */ = {isa = PBXFileReference; fileEncoding = 4; lastKnownFileType = sourcecode.swift; path = "ENTALDUIColor+Extension.swift"; sourceTree = "<group>"; };
		1DEC3BFD2B33687900C6AC95 /* LoadingView.swift */ = {isa = PBXFileReference; fileEncoding = 4; lastKnownFileType = sourcecode.swift; path = LoadingView.swift; sourceTree = "<group>"; };
		1DEC3BFF2B33687900C6AC95 /* ENTALDAlertView.xib */ = {isa = PBXFileReference; fileEncoding = 4; lastKnownFileType = file.xib; path = ENTALDAlertView.xib; sourceTree = "<group>"; };
		1DEC3C002B33687900C6AC95 /* ENTALDAlertView.swift */ = {isa = PBXFileReference; fileEncoding = 4; lastKnownFileType = sourcecode.swift; path = ENTALDAlertView.swift; sourceTree = "<group>"; };
		1DEC3C022B33687900C6AC95 /* EmptyView.xib */ = {isa = PBXFileReference; fileEncoding = 4; lastKnownFileType = file.xib; path = EmptyView.xib; sourceTree = "<group>"; };
		1DEC3C032B33687900C6AC95 /* EmptyView.swift */ = {isa = PBXFileReference; fileEncoding = 4; lastKnownFileType = sourcecode.swift; path = EmptyView.swift; sourceTree = "<group>"; };
		1DEC3C052B33687900C6AC95 /* ProccessUtils.swift */ = {isa = PBXFileReference; fileEncoding = 4; lastKnownFileType = sourcecode.swift; path = ProccessUtils.swift; sourceTree = "<group>"; };
		1DEC3C062B33687900C6AC95 /* HelperUtils.swift */ = {isa = PBXFileReference; fileEncoding = 4; lastKnownFileType = sourcecode.swift; path = HelperUtils.swift; sourceTree = "<group>"; };
		1DEC3C0C2B33687900C6AC95 /* Avenir-Black.ttf */ = {isa = PBXFileReference; lastKnownFileType = file; path = "Avenir-Black.ttf"; sourceTree = "<group>"; };
		1DEC3C0D2B33687900C6AC95 /* Avenir-Book.ttf */ = {isa = PBXFileReference; lastKnownFileType = file; path = "Avenir-Book.ttf"; sourceTree = "<group>"; };
		1DEC3C0E2B33687900C6AC95 /* Avenir-Heavy.ttf */ = {isa = PBXFileReference; lastKnownFileType = file; path = "Avenir-Heavy.ttf"; sourceTree = "<group>"; };
		1DEC3C0F2B33687900C6AC95 /* Avenir-Regular.ttf */ = {isa = PBXFileReference; lastKnownFileType = file; path = "Avenir-Regular.ttf"; sourceTree = "<group>"; };
		1DEC3C102B33687900C6AC95 /* Avenir-Medium.ttf */ = {isa = PBXFileReference; lastKnownFileType = file; path = "Avenir-Medium.ttf"; sourceTree = "<group>"; };
		1DEC3C112B33687900C6AC95 /* Avenir-Light.ttf */ = {isa = PBXFileReference; lastKnownFileType = file; path = "Avenir-Light.ttf"; sourceTree = "<group>"; };
		1DEC3C142B33687900C6AC95 /* HomeVC.xib */ = {isa = PBXFileReference; fileEncoding = 4; lastKnownFileType = file.xib; path = HomeVC.xib; sourceTree = "<group>"; };
		1DEC3C152B33687900C6AC95 /* HomeVC.swift */ = {isa = PBXFileReference; fileEncoding = 4; lastKnownFileType = sourcecode.swift; path = HomeVC.swift; sourceTree = "<group>"; };
		1DEC3C172B33687900C6AC95 /* TabbarController.swift */ = {isa = PBXFileReference; fileEncoding = 4; lastKnownFileType = sourcecode.swift; path = TabbarController.swift; sourceTree = "<group>"; };
		1E32D38E66052367B242CE11 /* libPods-ChiChaChenSan.a */ = {isa = PBXFileReference; explicitFileType = archive.ar; includeInIndex = 0; path = "libPods-ChiChaChenSan.a"; sourceTree = BUILT_PRODUCTS_DIR; };
		7F6B3EDC9DBEC12105054CAD /* Pods-ChiChaChenSan.debug.xcconfig */ = {isa = PBXFileReference; includeInIndex = 1; lastKnownFileType = text.xcconfig; name = "Pods-ChiChaChenSan.debug.xcconfig"; path = "Target Support Files/Pods-ChiChaChenSan/Pods-ChiChaChenSan.debug.xcconfig"; sourceTree = "<group>"; };
		F12DA57CBAE70714B5DED228 /* Pods-ChiChaChenSan.release.xcconfig */ = {isa = PBXFileReference; includeInIndex = 1; lastKnownFileType = text.xcconfig; name = "Pods-ChiChaChenSan.release.xcconfig"; path = "Target Support Files/Pods-ChiChaChenSan/Pods-ChiChaChenSan.release.xcconfig"; sourceTree = "<group>"; };
/* End PBXFileReference section */

/* Begin PBXFrameworksBuildPhase section */
		1DEC3BC32B33662800C6AC95 /* Frameworks */ = {
			isa = PBXFrameworksBuildPhase;
			buildActionMask = 2147483647;
			files = (
				93C9FEFAAD281FCFFE59C82B /* libPods-ChiChaChenSan.a in Frameworks */,
			);
			runOnlyForDeploymentPostprocessing = 0;
		};
/* End PBXFrameworksBuildPhase section */

/* Begin PBXGroup section */
		1DEC3BBD2B33662800C6AC95 = {
			isa = PBXGroup;
			children = (
				1DEC3BC82B33662800C6AC95 /* ChiChaChenSan */,
				1DEC3BC72B33662800C6AC95 /* Products */,
				CFBABAAFC086EAF299EE70F0 /* Pods */,
				3F2E6909A47D97D7F6F1C543 /* Frameworks */,
			);
			sourceTree = "<group>";
		};
		1DEC3BC72B33662800C6AC95 /* Products */ = {
			isa = PBXGroup;
			children = (
				1DEC3BC62B33662800C6AC95 /* ChiChaChenSan.app */,
			);
			name = Products;
			sourceTree = "<group>";
		};
		1DEC3BC82B33662800C6AC95 /* ChiChaChenSan */ = {
			isa = PBXGroup;
			children = (
				1DEC3BDD2B33687900C6AC95 /* Development */,
				1DEC3BCD2B33662900C6AC95 /* ViewController.swift */,
				1DEC3BCF2B33662900C6AC95 /* Main.storyboard */,
				1DEC3BD22B33662A00C6AC95 /* Assets.xcassets */,
				1DEC3BD42B33662A00C6AC95 /* LaunchScreen.storyboard */,
				1DEC3BD72B33662A00C6AC95 /* Info.plist */,
			);
			path = ChiChaChenSan;
			sourceTree = "<group>";
		};
		1DEC3BDD2B33687900C6AC95 /* Development */ = {
			isa = PBXGroup;
			children = (
				1DEC3BDE2B33687900C6AC95 /* Configurations */,
				1DEC3BE12B33687900C6AC95 /* StoryBoards */,
				1DEC3BE42B33687900C6AC95 /* Resources */,
				1DEC3BE62B33687900C6AC95 /* BaseControllers */,
				1DEC3BEA2B33687900C6AC95 /* Models */,
				1DEC3BEB2B33687900C6AC95 /* Extensions */,
				1DEC3BFB2B33687900C6AC95 /* CustomViews */,
				1DEC3C042B33687900C6AC95 /* AppUtils */,
				1DEC3C072B33687900C6AC95 /* SupportingFiles */,
				1DEC3C0A2B33687900C6AC95 /* NetworkLayer */,
				1DEC3C0B2B33687900C6AC95 /* Fonts */,
				1DEC3C122B33687900C6AC95 /* Controllers */,
				1DEC3C182B33687900C6AC95 /* CustomLibs */,
			);
			path = Development;
			sourceTree = "<group>";
		};
		1DEC3BDE2B33687900C6AC95 /* Configurations */ = {
			isa = PBXGroup;
			children = (
				1DEC3BDF2B33687900C6AC95 /* Constants.swift */,
				1DEC3BE02B33687900C6AC95 /* AppConfigurations.swift */,
			);
			path = Configurations;
			sourceTree = "<group>";
		};
		1DEC3BE12B33687900C6AC95 /* StoryBoards */ = {
			isa = PBXGroup;
			children = (
			);
			path = StoryBoards;
			sourceTree = "<group>";
		};
		1DEC3BE42B33687900C6AC95 /* Resources */ = {
			isa = PBXGroup;
			children = (
			);
			path = Resources;
			sourceTree = "<group>";
		};
		1DEC3BE62B33687900C6AC95 /* BaseControllers */ = {
			isa = PBXGroup;
			children = (
				1DEC3BE72B33687900C6AC95 /* BaseViewController.swift */,
				1DEC3BE82B33687900C6AC95 /* Controllers.swift */,
				1DEC3BE92B33687900C6AC95 /* BaseNavigationController.swift */,
			);
			path = BaseControllers;
			sourceTree = "<group>";
		};
		1DEC3BEA2B33687900C6AC95 /* Models */ = {
			isa = PBXGroup;
			children = (
			);
			path = Models;
			sourceTree = "<group>";
		};
		1DEC3BEB2B33687900C6AC95 /* Extensions */ = {
			isa = PBXGroup;
			children = (
				1DEC3BEC2B33687900C6AC95 /* NSString.swift */,
				1DEC3BED2B33687900C6AC95 /* UIApplication+Extension.swift */,
				1DEC3BEE2B33687900C6AC95 /* NSURL.swift */,
				1DEC3BEF2B33687900C6AC95 /* UserDefault+Extension.swift */,
				1DEC3BF02B33687900C6AC95 /* Validate.swift */,
				1DEC3BF12B33687900C6AC95 /* ENTALDUIFont+Extension.swift */,
				1DEC3BF22B33687900C6AC95 /* ACFloatingTextfield.swift */,
				1DEC3BF32B33687900C6AC95 /* ENNTALDUIView+Extension.swift */,
				1DEC3BF42B33687900C6AC95 /* NSBundle+Extension.swift */,
				1DEC3BF52B33687900C6AC95 /* ENTALDUIImageView+Extension.swift */,
				1DEC3BF62B33687900C6AC95 /* UIButton.swift */,
				1DEC3BF72B33687900C6AC95 /* DateFormatter.swift */,
				1DEC3BF82B33687900C6AC95 /* ENTALDString+Extension.swift */,
				1DEC3BF92B33687900C6AC95 /* ENTALDDictionary+Extension.swift */,
				1DEC3BFA2B33687900C6AC95 /* ENTALDUIColor+Extension.swift */,
			);
			path = Extensions;
			sourceTree = "<group>";
		};
		1DEC3BFB2B33687900C6AC95 /* CustomViews */ = {
			isa = PBXGroup;
			children = (
				1DEC3BFC2B33687900C6AC95 /* LoadingView */,
				1DEC3BFE2B33687900C6AC95 /* ENTALDAlertView */,
				1DEC3C012B33687900C6AC95 /* EmptyView */,
			);
			path = CustomViews;
			sourceTree = "<group>";
		};
		1DEC3BFC2B33687900C6AC95 /* LoadingView */ = {
			isa = PBXGroup;
			children = (
				1DEC3BFD2B33687900C6AC95 /* LoadingView.swift */,
			);
			path = LoadingView;
			sourceTree = "<group>";
		};
		1DEC3BFE2B33687900C6AC95 /* ENTALDAlertView */ = {
			isa = PBXGroup;
			children = (
				1DEC3BFF2B33687900C6AC95 /* ENTALDAlertView.xib */,
				1DEC3C002B33687900C6AC95 /* ENTALDAlertView.swift */,
			);
			path = ENTALDAlertView;
			sourceTree = "<group>";
		};
		1DEC3C012B33687900C6AC95 /* EmptyView */ = {
			isa = PBXGroup;
			children = (
				1DEC3C022B33687900C6AC95 /* EmptyView.xib */,
				1DEC3C032B33687900C6AC95 /* EmptyView.swift */,
			);
			path = EmptyView;
			sourceTree = "<group>";
		};
		1DEC3C042B33687900C6AC95 /* AppUtils */ = {
			isa = PBXGroup;
			children = (
				1DEC3C052B33687900C6AC95 /* ProccessUtils.swift */,
				1DEC3C062B33687900C6AC95 /* HelperUtils.swift */,
			);
			path = AppUtils;
			sourceTree = "<group>";
		};
		1DEC3C072B33687900C6AC95 /* SupportingFiles */ = {
			isa = PBXGroup;
			children = (
				1DEC3BC92B33662800C6AC95 /* AppDelegate.swift */,
				1DEC3BCB2B33662800C6AC95 /* SceneDelegate.swift */,
			);
			path = SupportingFiles;
			sourceTree = "<group>";
		};
		1DEC3C0A2B33687900C6AC95 /* NetworkLayer */ = {
			isa = PBXGroup;
			children = (
			);
			path = NetworkLayer;
			sourceTree = "<group>";
		};
		1DEC3C0B2B33687900C6AC95 /* Fonts */ = {
			isa = PBXGroup;
			children = (
				1DEC3C0C2B33687900C6AC95 /* Avenir-Black.ttf */,
				1DEC3C0D2B33687900C6AC95 /* Avenir-Book.ttf */,
				1DEC3C0E2B33687900C6AC95 /* Avenir-Heavy.ttf */,
				1DEC3C0F2B33687900C6AC95 /* Avenir-Regular.ttf */,
				1DEC3C102B33687900C6AC95 /* Avenir-Medium.ttf */,
				1DEC3C112B33687900C6AC95 /* Avenir-Light.ttf */,
			);
			path = Fonts;
			sourceTree = "<group>";
		};
		1DEC3C122B33687900C6AC95 /* Controllers */ = {
			isa = PBXGroup;
			children = (
				1DEC3C132B33687900C6AC95 /* HomeVC */,
				1DEC3C162B33687900C6AC95 /* TabbarController */,
			);
			path = Controllers;
			sourceTree = "<group>";
		};
		1DEC3C132B33687900C6AC95 /* HomeVC */ = {
			isa = PBXGroup;
			children = (
				1DEC3C142B33687900C6AC95 /* HomeVC.xib */,
				1DEC3C152B33687900C6AC95 /* HomeVC.swift */,
			);
			path = HomeVC;
			sourceTree = "<group>";
		};
		1DEC3C162B33687900C6AC95 /* TabbarController */ = {
			isa = PBXGroup;
			children = (
				1DEC3C172B33687900C6AC95 /* TabbarController.swift */,
			);
			path = TabbarController;
			sourceTree = "<group>";
		};
		1DEC3C182B33687900C6AC95 /* CustomLibs */ = {
			isa = PBXGroup;
			children = (
			);
			path = CustomLibs;
			sourceTree = "<group>";
		};
		3F2E6909A47D97D7F6F1C543 /* Frameworks */ = {
			isa = PBXGroup;
			children = (
				1E32D38E66052367B242CE11 /* libPods-ChiChaChenSan.a */,
			);
			name = Frameworks;
			sourceTree = "<group>";
		};
		CFBABAAFC086EAF299EE70F0 /* Pods */ = {
			isa = PBXGroup;
			children = (
				7F6B3EDC9DBEC12105054CAD /* Pods-ChiChaChenSan.debug.xcconfig */,
				F12DA57CBAE70714B5DED228 /* Pods-ChiChaChenSan.release.xcconfig */,
			);
			path = Pods;
			sourceTree = "<group>";
		};
/* End PBXGroup section */

/* Begin PBXNativeTarget section */
		1DEC3BC52B33662800C6AC95 /* ChiChaChenSan */ = {
			isa = PBXNativeTarget;
			buildConfigurationList = 1DEC3BDA2B33662A00C6AC95 /* Build configuration list for PBXNativeTarget "ChiChaChenSan" */;
			buildPhases = (
				F64C3195129CA4CEA3C1F427 /* [CP] Check Pods Manifest.lock */,
				1DEC3BC22B33662800C6AC95 /* Sources */,
				1DEC3BC32B33662800C6AC95 /* Frameworks */,
				1DEC3BC42B33662800C6AC95 /* Resources */,
			);
			buildRules = (
			);
			dependencies = (
			);
			name = ChiChaChenSan;
			productName = ChiChaChenSan;
			productReference = 1DEC3BC62B33662800C6AC95 /* ChiChaChenSan.app */;
			productType = "com.apple.product-type.application";
		};
/* End PBXNativeTarget section */

/* Begin PBXProject section */
		1DEC3BBE2B33662800C6AC95 /* Project object */ = {
			isa = PBXProject;
			attributes = {
				BuildIndependentTargetsInParallel = 1;
				LastSwiftUpdateCheck = 1500;
				LastUpgradeCheck = 1500;
				TargetAttributes = {
					1DEC3BC52B33662800C6AC95 = {
						CreatedOnToolsVersion = 15.0.1;
					};
				};
			};
			buildConfigurationList = 1DEC3BC12B33662800C6AC95 /* Build configuration list for PBXProject "ChiChaChenSan" */;
			compatibilityVersion = "Xcode 14.0";
			developmentRegion = en;
			hasScannedForEncodings = 0;
			knownRegions = (
				en,
				Base,
			);
			mainGroup = 1DEC3BBD2B33662800C6AC95;
			productRefGroup = 1DEC3BC72B33662800C6AC95 /* Products */;
			projectDirPath = "";
			projectRoot = "";
			targets = (
				1DEC3BC52B33662800C6AC95 /* ChiChaChenSan */,
			);
		};
/* End PBXProject section */

/* Begin PBXResourcesBuildPhase section */
		1DEC3BC42B33662800C6AC95 /* Resources */ = {
			isa = PBXResourcesBuildPhase;
			buildActionMask = 2147483647;
			files = (
				1DEC3BD62B33662A00C6AC95 /* LaunchScreen.storyboard in Resources */,
				1DEC3C3D2B33687A00C6AC95 /* Avenir-Light.ttf in Resources */,
				1DEC3C302B33687A00C6AC95 /* ENTALDAlertView.xib in Resources */,
				1DEC3C392B33687A00C6AC95 /* Avenir-Book.ttf in Resources */,
				1DEC3C382B33687A00C6AC95 /* Avenir-Black.ttf in Resources */,
				1DEC3C322B33687A00C6AC95 /* EmptyView.xib in Resources */,
				1DEC3BD32B33662A00C6AC95 /* Assets.xcassets in Resources */,
				1DEC3BD12B33662900C6AC95 /* Main.storyboard in Resources */,
				1DEC3C3C2B33687A00C6AC95 /* Avenir-Medium.ttf in Resources */,
				1DEC3C3B2B33687A00C6AC95 /* Avenir-Regular.ttf in Resources */,
				1DEC3C3A2B33687A00C6AC95 /* Avenir-Heavy.ttf in Resources */,
				1DEC3C3E2B33687A00C6AC95 /* HomeVC.xib in Resources */,
			);
			runOnlyForDeploymentPostprocessing = 0;
		};
/* End PBXResourcesBuildPhase section */

/* Begin PBXShellScriptBuildPhase section */
		F64C3195129CA4CEA3C1F427 /* [CP] Check Pods Manifest.lock */ = {
			isa = PBXShellScriptBuildPhase;
			buildActionMask = 2147483647;
			files = (
			);
			inputFileListPaths = (
			);
			inputPaths = (
				"${PODS_PODFILE_DIR_PATH}/Podfile.lock",
				"${PODS_ROOT}/Manifest.lock",
			);
			name = "[CP] Check Pods Manifest.lock";
			outputFileListPaths = (
			);
			outputPaths = (
				"$(DERIVED_FILE_DIR)/Pods-ChiChaChenSan-checkManifestLockResult.txt",
			);
			runOnlyForDeploymentPostprocessing = 0;
			shellPath = /bin/sh;
			shellScript = "diff \"${PODS_PODFILE_DIR_PATH}/Podfile.lock\" \"${PODS_ROOT}/Manifest.lock\" > /dev/null\nif [ $? != 0 ] ; then\n    # print error to STDERR\n    echo \"error: The sandbox is not in sync with the Podfile.lock. Run 'pod install' or update your CocoaPods installation.\" >&2\n    exit 1\nfi\n# This output is used by Xcode 'outputs' to avoid re-running this script phase.\necho \"SUCCESS\" > \"${SCRIPT_OUTPUT_FILE_0}\"\n";
			showEnvVarsInLog = 0;
		};
/* End PBXShellScriptBuildPhase section */

/* Begin PBXSourcesBuildPhase section */
		1DEC3BC22B33662800C6AC95 /* Sources */ = {
			isa = PBXSourcesBuildPhase;
			buildActionMask = 2147483647;
			files = (
				1DEC3C282B33687900C6AC95 /* NSBundle+Extension.swift in Sources */,
				1DEC3C402B33687A00C6AC95 /* TabbarController.swift in Sources */,
				1DEC3C1F2B33687900C6AC95 /* BaseNavigationController.swift in Sources */,
				1DEC3C222B33687900C6AC95 /* NSURL.swift in Sources */,
				1DEC3C312B33687A00C6AC95 /* ENTALDAlertView.swift in Sources */,
				1DEC3C252B33687900C6AC95 /* ENTALDUIFont+Extension.swift in Sources */,
				1DEC3C2B2B33687900C6AC95 /* DateFormatter.swift in Sources */,
				1DEC3C2F2B33687A00C6AC95 /* LoadingView.swift in Sources */,
				1DEC3C232B33687900C6AC95 /* UserDefault+Extension.swift in Sources */,
				1DEC3BCE2B33662900C6AC95 /* ViewController.swift in Sources */,
				1DEC3C2A2B33687900C6AC95 /* UIButton.swift in Sources */,
				1DEC3C342B33687A00C6AC95 /* ProccessUtils.swift in Sources */,
				1DEC3C2C2B33687900C6AC95 /* ENTALDString+Extension.swift in Sources */,
				1DEC3BCA2B33662800C6AC95 /* AppDelegate.swift in Sources */,
				1DEC3C3F2B33687A00C6AC95 /* HomeVC.swift in Sources */,
				1DEC3C352B33687A00C6AC95 /* HelperUtils.swift in Sources */,
				1DEC3C2D2B33687A00C6AC95 /* ENTALDDictionary+Extension.swift in Sources */,
				1DEC3BCC2B33662800C6AC95 /* SceneDelegate.swift in Sources */,
				1DEC3C332B33687A00C6AC95 /* EmptyView.swift in Sources */,
				1DEC3C202B33687900C6AC95 /* NSString.swift in Sources */,
				1DEC3C2E2B33687A00C6AC95 /* ENTALDUIColor+Extension.swift in Sources */,
				1DEC3C1A2B33687900C6AC95 /* AppConfigurations.swift in Sources */,
				1DEC3C1E2B33687900C6AC95 /* Controllers.swift in Sources */,
				1DEC3C192B33687900C6AC95 /* Constants.swift in Sources */,
				1DEC3C212B33687900C6AC95 /* UIApplication+Extension.swift in Sources */,
				1DEC3C1D2B33687900C6AC95 /* BaseViewController.swift in Sources */,
				1DEC3C292B33687900C6AC95 /* ENTALDUIImageView+Extension.swift in Sources */,
				1DEC3C262B33687900C6AC95 /* ACFloatingTextfield.swift in Sources */,
				1DEC3C242B33687900C6AC95 /* Validate.swift in Sources */,
				1DEC3C272B33687900C6AC95 /* ENNTALDUIView+Extension.swift in Sources */,
			);
			runOnlyForDeploymentPostprocessing = 0;
		};
/* End PBXSourcesBuildPhase section */

/* Begin PBXVariantGroup section */
		1DEC3BCF2B33662900C6AC95 /* Main.storyboard */ = {
			isa = PBXVariantGroup;
			children = (
				1DEC3BD02B33662900C6AC95 /* Base */,
			);
			name = Main.storyboard;
			sourceTree = "<group>";
		};
		1DEC3BD42B33662A00C6AC95 /* LaunchScreen.storyboard */ = {
			isa = PBXVariantGroup;
			children = (
				1DEC3BD52B33662A00C6AC95 /* Base */,
			);
			name = LaunchScreen.storyboard;
			sourceTree = "<group>";
		};
/* End PBXVariantGroup section */

/* Begin XCBuildConfiguration section */
		1DEC3BD82B33662A00C6AC95 /* Debug */ = {
			isa = XCBuildConfiguration;
			buildSettings = {
				ALWAYS_SEARCH_USER_PATHS = NO;
				ASSETCATALOG_COMPILER_GENERATE_SWIFT_ASSET_SYMBOL_EXTENSIONS = YES;
				CLANG_ANALYZER_NONNULL = YES;
				CLANG_ANALYZER_NUMBER_OBJECT_CONVERSION = YES_AGGRESSIVE;
				CLANG_CXX_LANGUAGE_STANDARD = "gnu++20";
				CLANG_ENABLE_MODULES = YES;
				CLANG_ENABLE_OBJC_ARC = YES;
				CLANG_ENABLE_OBJC_WEAK = YES;
				CLANG_WARN_BLOCK_CAPTURE_AUTORELEASING = YES;
				CLANG_WARN_BOOL_CONVERSION = YES;
				CLANG_WARN_COMMA = YES;
				CLANG_WARN_CONSTANT_CONVERSION = YES;
				CLANG_WARN_DEPRECATED_OBJC_IMPLEMENTATIONS = YES;
				CLANG_WARN_DIRECT_OBJC_ISA_USAGE = YES_ERROR;
				CLANG_WARN_DOCUMENTATION_COMMENTS = YES;
				CLANG_WARN_EMPTY_BODY = YES;
				CLANG_WARN_ENUM_CONVERSION = YES;
				CLANG_WARN_INFINITE_RECURSION = YES;
				CLANG_WARN_INT_CONVERSION = YES;
				CLANG_WARN_NON_LITERAL_NULL_CONVERSION = YES;
				CLANG_WARN_OBJC_IMPLICIT_RETAIN_SELF = YES;
				CLANG_WARN_OBJC_LITERAL_CONVERSION = YES;
				CLANG_WARN_OBJC_ROOT_CLASS = YES_ERROR;
				CLANG_WARN_QUOTED_INCLUDE_IN_FRAMEWORK_HEADER = YES;
				CLANG_WARN_RANGE_LOOP_ANALYSIS = YES;
				CLANG_WARN_STRICT_PROTOTYPES = YES;
				CLANG_WARN_SUSPICIOUS_MOVE = YES;
				CLANG_WARN_UNGUARDED_AVAILABILITY = YES_AGGRESSIVE;
				CLANG_WARN_UNREACHABLE_CODE = YES;
				CLANG_WARN__DUPLICATE_METHOD_MATCH = YES;
				COPY_PHASE_STRIP = NO;
				DEBUG_INFORMATION_FORMAT = dwarf;
				ENABLE_STRICT_OBJC_MSGSEND = YES;
				ENABLE_TESTABILITY = YES;
				ENABLE_USER_SCRIPT_SANDBOXING = YES;
				GCC_C_LANGUAGE_STANDARD = gnu17;
				GCC_DYNAMIC_NO_PIC = NO;
				GCC_NO_COMMON_BLOCKS = YES;
				GCC_OPTIMIZATION_LEVEL = 0;
				GCC_PREPROCESSOR_DEFINITIONS = (
					"DEBUG=1",
					"$(inherited)",
				);
				GCC_WARN_64_TO_32_BIT_CONVERSION = YES;
				GCC_WARN_ABOUT_RETURN_TYPE = YES_ERROR;
				GCC_WARN_UNDECLARED_SELECTOR = YES;
				GCC_WARN_UNINITIALIZED_AUTOS = YES_AGGRESSIVE;
				GCC_WARN_UNUSED_FUNCTION = YES;
				GCC_WARN_UNUSED_VARIABLE = YES;
				IPHONEOS_DEPLOYMENT_TARGET = 17.0;
				LOCALIZATION_PREFERS_STRING_CATALOGS = YES;
				MTL_ENABLE_DEBUG_INFO = INCLUDE_SOURCE;
				MTL_FAST_MATH = YES;
				ONLY_ACTIVE_ARCH = YES;
				SDKROOT = iphoneos;
				SWIFT_ACTIVE_COMPILATION_CONDITIONS = "DEBUG $(inherited)";
				SWIFT_OPTIMIZATION_LEVEL = "-Onone";
			};
			name = Debug;
		};
		1DEC3BD92B33662A00C6AC95 /* Release */ = {
			isa = XCBuildConfiguration;
			buildSettings = {
				ALWAYS_SEARCH_USER_PATHS = NO;
				ASSETCATALOG_COMPILER_GENERATE_SWIFT_ASSET_SYMBOL_EXTENSIONS = YES;
				CLANG_ANALYZER_NONNULL = YES;
				CLANG_ANALYZER_NUMBER_OBJECT_CONVERSION = YES_AGGRESSIVE;
				CLANG_CXX_LANGUAGE_STANDARD = "gnu++20";
				CLANG_ENABLE_MODULES = YES;
				CLANG_ENABLE_OBJC_ARC = YES;
				CLANG_ENABLE_OBJC_WEAK = YES;
				CLANG_WARN_BLOCK_CAPTURE_AUTORELEASING = YES;
				CLANG_WARN_BOOL_CONVERSION = YES;
				CLANG_WARN_COMMA = YES;
				CLANG_WARN_CONSTANT_CONVERSION = YES;
				CLANG_WARN_DEPRECATED_OBJC_IMPLEMENTATIONS = YES;
				CLANG_WARN_DIRECT_OBJC_ISA_USAGE = YES_ERROR;
				CLANG_WARN_DOCUMENTATION_COMMENTS = YES;
				CLANG_WARN_EMPTY_BODY = YES;
				CLANG_WARN_ENUM_CONVERSION = YES;
				CLANG_WARN_INFINITE_RECURSION = YES;
				CLANG_WARN_INT_CONVERSION = YES;
				CLANG_WARN_NON_LITERAL_NULL_CONVERSION = YES;
				CLANG_WARN_OBJC_IMPLICIT_RETAIN_SELF = YES;
				CLANG_WARN_OBJC_LITERAL_CONVERSION = YES;
				CLANG_WARN_OBJC_ROOT_CLASS = YES_ERROR;
				CLANG_WARN_QUOTED_INCLUDE_IN_FRAMEWORK_HEADER = YES;
				CLANG_WARN_RANGE_LOOP_ANALYSIS = YES;
				CLANG_WARN_STRICT_PROTOTYPES = YES;
				CLANG_WARN_SUSPICIOUS_MOVE = YES;
				CLANG_WARN_UNGUARDED_AVAILABILITY = YES_AGGRESSIVE;
				CLANG_WARN_UNREACHABLE_CODE = YES;
				CLANG_WARN__DUPLICATE_METHOD_MATCH = YES;
				COPY_PHASE_STRIP = NO;
				DEBUG_INFORMATION_FORMAT = "dwarf-with-dsym";
				ENABLE_NS_ASSERTIONS = NO;
				ENABLE_STRICT_OBJC_MSGSEND = YES;
				ENABLE_USER_SCRIPT_SANDBOXING = YES;
				GCC_C_LANGUAGE_STANDARD = gnu17;
				GCC_NO_COMMON_BLOCKS = YES;
				GCC_WARN_64_TO_32_BIT_CONVERSION = YES;
				GCC_WARN_ABOUT_RETURN_TYPE = YES_ERROR;
				GCC_WARN_UNDECLARED_SELECTOR = YES;
				GCC_WARN_UNINITIALIZED_AUTOS = YES_AGGRESSIVE;
				GCC_WARN_UNUSED_FUNCTION = YES;
				GCC_WARN_UNUSED_VARIABLE = YES;
				IPHONEOS_DEPLOYMENT_TARGET = 17.0;
				LOCALIZATION_PREFERS_STRING_CATALOGS = YES;
				MTL_ENABLE_DEBUG_INFO = NO;
				MTL_FAST_MATH = YES;
				SDKROOT = iphoneos;
				SWIFT_COMPILATION_MODE = wholemodule;
				VALIDATE_PRODUCT = YES;
			};
			name = Release;
		};
		1DEC3BDB2B33662A00C6AC95 /* Debug */ = {
			isa = XCBuildConfiguration;
			baseConfigurationReference = 7F6B3EDC9DBEC12105054CAD /* Pods-ChiChaChenSan.debug.xcconfig */;
			buildSettings = {
				ASSETCATALOG_COMPILER_APPICON_NAME = AppIcon;
				ASSETCATALOG_COMPILER_GLOBAL_ACCENT_COLOR_NAME = AccentColor;
				CODE_SIGN_STYLE = Automatic;
				CURRENT_PROJECT_VERSION = 1;
				DEVELOPMENT_TEAM = ZBSWH433X6;
				GENERATE_INFOPLIST_FILE = YES;
				INFOPLIST_FILE = ChiChaChenSan/Info.plist;
				INFOPLIST_KEY_UIApplicationSupportsIndirectInputEvents = YES;
				INFOPLIST_KEY_UILaunchStoryboardName = LaunchScreen;
				INFOPLIST_KEY_UIMainStoryboardFile = Main;
				INFOPLIST_KEY_UISupportedInterfaceOrientations_iPad = "UIInterfaceOrientationPortrait UIInterfaceOrientationPortraitUpsideDown UIInterfaceOrientationLandscapeLeft UIInterfaceOrientationLandscapeRight";
				INFOPLIST_KEY_UISupportedInterfaceOrientations_iPhone = "UIInterfaceOrientationPortrait UIInterfaceOrientationLandscapeLeft UIInterfaceOrientationLandscapeRight";
				IPHONEOS_DEPLOYMENT_TARGET = 13.0;
				LD_RUNPATH_SEARCH_PATHS = (
					"$(inherited)",
					"@executable_path/Frameworks",
				);
				MARKETING_VERSION = 1.0;
				PRODUCT_BUNDLE_IDENTIFIER = com.umair.ChiChaChenSan;
				PRODUCT_NAME = "$(TARGET_NAME)";
				SWIFT_EMIT_LOC_STRINGS = YES;
				SWIFT_VERSION = 5.0;
				TARGETED_DEVICE_FAMILY = "1,2";
			};
			name = Debug;
		};
		1DEC3BDC2B33662A00C6AC95 /* Release */ = {
			isa = XCBuildConfiguration;
			baseConfigurationReference = F12DA57CBAE70714B5DED228 /* Pods-ChiChaChenSan.release.xcconfig */;
			buildSettings = {
				ASSETCATALOG_COMPILER_APPICON_NAME = AppIcon;
				ASSETCATALOG_COMPILER_GLOBAL_ACCENT_COLOR_NAME = AccentColor;
				CODE_SIGN_STYLE = Automatic;
				CURRENT_PROJECT_VERSION = 1;
				DEVELOPMENT_TEAM = ZBSWH433X6;
				GENERATE_INFOPLIST_FILE = YES;
				INFOPLIST_FILE = ChiChaChenSan/Info.plist;
				INFOPLIST_KEY_UIApplicationSupportsIndirectInputEvents = YES;
				INFOPLIST_KEY_UILaunchStoryboardName = LaunchScreen;
				INFOPLIST_KEY_UIMainStoryboardFile = Main;
				INFOPLIST_KEY_UISupportedInterfaceOrientations_iPad = "UIInterfaceOrientationPortrait UIInterfaceOrientationPortraitUpsideDown UIInterfaceOrientationLandscapeLeft UIInterfaceOrientationLandscapeRight";
				INFOPLIST_KEY_UISupportedInterfaceOrientations_iPhone = "UIInterfaceOrientationPortrait UIInterfaceOrientationLandscapeLeft UIInterfaceOrientationLandscapeRight";
				IPHONEOS_DEPLOYMENT_TARGET = 13.0;
				LD_RUNPATH_SEARCH_PATHS = (
					"$(inherited)",
					"@executable_path/Frameworks",
				);
				MARKETING_VERSION = 1.0;
				PRODUCT_BUNDLE_IDENTIFIER = com.umair.ChiChaChenSan;
				PRODUCT_NAME = "$(TARGET_NAME)";
				SWIFT_EMIT_LOC_STRINGS = YES;
				SWIFT_VERSION = 5.0;
				TARGETED_DEVICE_FAMILY = "1,2";
			};
			name = Release;
		};
/* End XCBuildConfiguration section */

/* Begin XCConfigurationList section */
		1DEC3BC12B33662800C6AC95 /* Build configuration list for PBXProject "ChiChaChenSan" */ = {
			isa = XCConfigurationList;
			buildConfigurations = (
				1DEC3BD82B33662A00C6AC95 /* Debug */,
				1DEC3BD92B33662A00C6AC95 /* Release */,
			);
			defaultConfigurationIsVisible = 0;
			defaultConfigurationName = Release;
		};
		1DEC3BDA2B33662A00C6AC95 /* Build configuration list for PBXNativeTarget "ChiChaChenSan" */ = {
			isa = XCConfigurationList;
			buildConfigurations = (
				1DEC3BDB2B33662A00C6AC95 /* Debug */,
				1DEC3BDC2B33662A00C6AC95 /* Release */,
			);
			defaultConfigurationIsVisible = 0;
			defaultConfigurationName = Release;
		};
/* End XCConfigurationList section */
	};
	rootObject = 1DEC3BBE2B33662800C6AC95 /* Project object */;
}
